
Microsoft Visual Studio Solution File, Format Version 12.00
# Visual Studio Version 17
VisualStudioVersion = 17.5.33424.131
MinimumVisualStudioVersion = 10.0.40219.1
Project("{FAE04EC0-301F-11D3-BF4B-00C04F79EFBC}") = "TakeHomeWeek3", "TakeHomeWeek3\TakeHomeWeek3.csproj", "{DDB5E7F3-4531-4328-8AFB-825AD0253421}"
EndProject
Global
	GlobalSection(SolutionConfigurationPlatforms) = preSolution
		Debug|Any CPU = Debug|Any CPU
		Release|Any CPU = Release|Any CPU
	EndGlobalSection
	GlobalSection(ProjectConfigurationPlatforms) = postSolution
		{DDB5E7F3-4531-4328-8AFB-825AD0253421}.Debug|Any CPU.ActiveCfg = Debug|Any CPU
		{DDB5E7F3-4531-4328-8AFB-825AD0253421}.Debug|Any CPU.Build.0 = Debug|Any CPU
		{DDB5E7F3-4531-4328-8AFB-825AD0253421}.Release|Any CPU.ActiveCfg = Release|Any CPU
		{DDB5E7F3-4531-4328-8AFB-825AD0253421}.Release|Any CPU.Build.0 = Release|Any CPU
	EndGlobalSection
	GlobalSection(SolutionProperties) = preSolution
		HideSolutionNode = FALSE
	EndGlobalSection
	GlobalSection(ExtensibilityGlobals) = postSolution
		SolutionGuid = {6F91DB49-9369-4418-897A-F7EA98473180}
	EndGlobalSection
EndGlobal
